
Microsoft Visual Studio Solution File, Format Version 12.00
# Visual Studio Version 17
VisualStudioVersion = 17.5.002.0
MinimumVisualStudioVersion = 10.0.40219.1
Project("{9A19103F-16F7-4668-BE54-9A1E7A4F7556}") = "MoonlightShadow", "MoonlightShadow.csproj", "{E54D1572-D7A4-4B04-B8D3-3120D972A818}"
EndProject
Project("{FAE04EC0-301F-11D3-BF4B-00C04F79EFBC}") = "TestMoonlightShadow", "..\TestMoonlightShadow\TestMoonlightShadow.csproj", "{864B7931-22D8-49EB-A817-E4F2AC3ED22E}"
EndProject
Global
	GlobalSection(SolutionConfigurationPlatforms) = preSolution
		Debug|Any CPU = Debug|Any CPU
		Release|Any CPU = Release|Any CPU
	EndGlobalSection
	GlobalSection(ProjectConfigurationPlatforms) = postSolution
		{E54D1572-D7A4-4B04-B8D3-3120D972A818}.Debug|Any CPU.ActiveCfg = Debug|Any CPU
		{E54D1572-D7A4-4B04-B8D3-3120D972A818}.Debug|Any CPU.Build.0 = Debug|Any CPU
		{E54D1572-D7A4-4B04-B8D3-3120D972A818}.Release|Any CPU.ActiveCfg = Release|Any CPU
		{E54D1572-D7A4-4B04-B8D3-3120D972A818}.Release|Any CPU.Build.0 = Release|Any CPU
		{864B7931-22D8-49EB-A817-E4F2AC3ED22E}.Debug|Any CPU.ActiveCfg = Debug|Any CPU
		{864B7931-22D8-49EB-A817-E4F2AC3ED22E}.Debug|Any CPU.Build.0 = Debug|Any CPU
		{864B7931-22D8-49EB-A817-E4F2AC3ED22E}.Release|Any CPU.ActiveCfg = Release|Any CPU
		{864B7931-22D8-49EB-A817-E4F2AC3ED22E}.Release|Any CPU.Build.0 = Release|Any CPU
	EndGlobalSection
	GlobalSection(SolutionProperties) = preSolution
		HideSolutionNode = FALSE
	EndGlobalSection
	GlobalSection(ExtensibilityGlobals) = postSolution
		SolutionGuid = {8BA87065-4C51-431F-A4AA-7E6B6A8F666C}
	EndGlobalSection
EndGlobal
